PODS:
  - MBProgressHUD (1.2.0)
  - SwiftyJSON (5.0.1)

DEPENDENCIES:
  - MBProgressHUD
  - SwiftyJSON

SPEC REPOS:
  trunk:
    - MBProgressHUD
    - SwiftyJSON

SPEC CHECKSUMS:
  MBProgressHUD: 3ee5efcc380f6a79a7cc9b363dd669c5e1ae7406
  SwiftyJSON: 2f33a42c6fbc52764d96f13368585094bfd8aa5e

PODFILE CHECKSUM: b707fd3e8ebe3bd7c8ee4dbb5e8e86d92590bf99

COCOAPODS: 1.12.1
